
Microsoft Visual Studio Solution File, Format Version 12.00
# Visual Studio Version 17
VisualStudioVersion = 17.8.34330.188
MinimumVisualStudioVersion = 10.0.40219.1
Project("{FAE04EC0-301F-11D3-BF4B-00C04F79EFBC}") = "BUKEP.Student.ConsoleCalculator", "BUKEP.Student.ConsoleCalculator\BUKEP.Student.ConsoleCalculator.csproj", "{E9D7A7A8-5F73-4B70-943C-9CAE52B5A4DA}"
EndProject
Global
	GlobalSection(SolutionConfigurationPlatforms) = preSolution
		Debug|Any CPU = Debug|Any CPU
		Release|Any CPU = Release|Any CPU
	EndGlobalSection
	GlobalSection(ProjectConfigurationPlatforms) = postSolution
		{E9D7A7A8-5F73-4B70-943C-9CAE52B5A4DA}.Debug|Any CPU.ActiveCfg = Debug|Any CPU
		{E9D7A7A8-5F73-4B70-943C-9CAE52B5A4DA}.Debug|Any CPU.Build.0 = Debug|Any CPU
		{E9D7A7A8-5F73-4B70-943C-9CAE52B5A4DA}.Release|Any CPU.ActiveCfg = Release|Any CPU
		{E9D7A7A8-5F73-4B70-943C-9CAE52B5A4DA}.Release|Any CPU.Build.0 = Release|Any CPU
	EndGlobalSection
	GlobalSection(SolutionProperties) = preSolution
		HideSolutionNode = FALSE
	EndGlobalSection
	GlobalSection(ExtensibilityGlobals) = postSolution
		SolutionGuid = {408BAB8F-A0F7-40C0-BEA6-C52DA9C59280}
	EndGlobalSection
EndGlobal
