
Microsoft Visual Studio Solution File, Format Version 12.00
# Visual Studio Version 17
VisualStudioVersion = 17.8.34330.188
MinimumVisualStudioVersion = 10.0.40219.1
Project("{9A19103F-16F7-4668-BE54-9A1E7A4F7556}") = "BUKEP.Student.Calculator", "BUKEP.Student.Calculator\BUKEP.Student.Calculator.csproj", "{0267D3C0-1997-4891-A75C-4B1F2BF0F8E2}"
EndProject
Project("{9A19103F-16F7-4668-BE54-9A1E7A4F7556}") = "BUKEP.Student.ConsoleCalculator", "BUKEP.Student.ConsoleCalculator\BUKEP.Student.ConsoleCalculator\BUKEP.Student.ConsoleCalculator.csproj", "{4C7F5EA7-DB4F-4DFF-855D-44822AF8DF70}"
EndProject
Project("{FAE04EC0-301F-11D3-BF4B-00C04F79EFBC}") = "BUKEP.Student.WindowsCalculator", "BUKEP.Student.WindowsCalculator\BUKEP.Student.WindowsCalculator\BUKEP.Student.WindowsCalculator.csproj", "{215E0931-76B9-4EA5-98BF-6B330C1985C1}"
EndProject
Project("{FAE04EC0-301F-11D3-BF4B-00C04F79EFBC}") = "BUKEP.Student.WebFormsCalculator", "BUKEP.Student.WebFormsCalculator\BUKEP.Student.WebFormsCalculator.csproj", "{0A03D4D6-9BF4-4B6A-882C-D79C28A96B86}"
EndProject
Project("{FAE04EC0-301F-11D3-BF4B-00C04F79EFBC}") = "BUKEP.Student.Calculator.Data", "BUKEP.Student.Calculator.Data\BUKEP.Student.Calculator.Data.csproj", "{1E38C2C0-34A0-4069-96D9-5F131C88ED20}"
EndProject
Global
	GlobalSection(SolutionConfigurationPlatforms) = preSolution
		Debug|Any CPU = Debug|Any CPU
		Release|Any CPU = Release|Any CPU
	EndGlobalSection
	GlobalSection(ProjectConfigurationPlatforms) = postSolution
		{0267D3C0-1997-4891-A75C-4B1F2BF0F8E2}.Debug|Any CPU.ActiveCfg = Debug|Any CPU
		{0267D3C0-1997-4891-A75C-4B1F2BF0F8E2}.Debug|Any CPU.Build.0 = Debug|Any CPU
		{0267D3C0-1997-4891-A75C-4B1F2BF0F8E2}.Release|Any CPU.ActiveCfg = Release|Any CPU
		{0267D3C0-1997-4891-A75C-4B1F2BF0F8E2}.Release|Any CPU.Build.0 = Release|Any CPU
		{4C7F5EA7-DB4F-4DFF-855D-44822AF8DF70}.Debug|Any CPU.ActiveCfg = Debug|Any CPU
		{4C7F5EA7-DB4F-4DFF-855D-44822AF8DF70}.Debug|Any CPU.Build.0 = Debug|Any CPU
		{4C7F5EA7-DB4F-4DFF-855D-44822AF8DF70}.Release|Any CPU.ActiveCfg = Release|Any CPU
		{4C7F5EA7-DB4F-4DFF-855D-44822AF8DF70}.Release|Any CPU.Build.0 = Release|Any CPU
		{215E0931-76B9-4EA5-98BF-6B330C1985C1}.Debug|Any CPU.ActiveCfg = Debug|Any CPU
		{215E0931-76B9-4EA5-98BF-6B330C1985C1}.Debug|Any CPU.Build.0 = Debug|Any CPU
		{215E0931-76B9-4EA5-98BF-6B330C1985C1}.Release|Any CPU.ActiveCfg = Release|Any CPU
		{215E0931-76B9-4EA5-98BF-6B330C1985C1}.Release|Any CPU.Build.0 = Release|Any CPU
		{0A03D4D6-9BF4-4B6A-882C-D79C28A96B86}.Debug|Any CPU.ActiveCfg = Debug|Any CPU
		{0A03D4D6-9BF4-4B6A-882C-D79C28A96B86}.Debug|Any CPU.Build.0 = Debug|Any CPU
		{0A03D4D6-9BF4-4B6A-882C-D79C28A96B86}.Release|Any CPU.ActiveCfg = Release|Any CPU
		{0A03D4D6-9BF4-4B6A-882C-D79C28A96B86}.Release|Any CPU.Build.0 = Release|Any CPU
		{1E38C2C0-34A0-4069-96D9-5F131C88ED20}.Debug|Any CPU.ActiveCfg = Debug|Any CPU
		{1E38C2C0-34A0-4069-96D9-5F131C88ED20}.Debug|Any CPU.Build.0 = Debug|Any CPU
		{1E38C2C0-34A0-4069-96D9-5F131C88ED20}.Release|Any CPU.ActiveCfg = Release|Any CPU
		{1E38C2C0-34A0-4069-96D9-5F131C88ED20}.Release|Any CPU.Build.0 = Release|Any CPU
	EndGlobalSection
	GlobalSection(SolutionProperties) = preSolution
		HideSolutionNode = FALSE
	EndGlobalSection
	GlobalSection(ExtensibilityGlobals) = postSolution
		SolutionGuid = {0C5DE3EC-89AF-4690-AB7A-A3DFC3C31BBC}
	EndGlobalSection
EndGlobal
