
Microsoft Visual Studio Solution File, Format Version 12.00
# Visual Studio Version 17
VisualStudioVersion = 17.8.34330.188
MinimumVisualStudioVersion = 10.0.40219.1
Project("{FAE04EC0-301F-11D3-BF4B-00C04F79EFBC}") = "BUKEP.Student.SharpInstructions", "BUKEP.Student.SharpInstructions\BUKEP.Student.SharpInstructions.csproj", "{EACF47CB-3574-4398-AB14-2F0D8153C3D3}"
EndProject
Global
	GlobalSection(SolutionConfigurationPlatforms) = preSolution
		Debug|Any CPU = Debug|Any CPU
		Release|Any CPU = Release|Any CPU
	EndGlobalSection
	GlobalSection(ProjectConfigurationPlatforms) = postSolution
		{EACF47CB-3574-4398-AB14-2F0D8153C3D3}.Debug|Any CPU.ActiveCfg = Debug|Any CPU
		{EACF47CB-3574-4398-AB14-2F0D8153C3D3}.Debug|Any CPU.Build.0 = Debug|Any CPU
		{EACF47CB-3574-4398-AB14-2F0D8153C3D3}.Release|Any CPU.ActiveCfg = Release|Any CPU
		{EACF47CB-3574-4398-AB14-2F0D8153C3D3}.Release|Any CPU.Build.0 = Release|Any CPU
	EndGlobalSection
	GlobalSection(SolutionProperties) = preSolution
		HideSolutionNode = FALSE
	EndGlobalSection
	GlobalSection(ExtensibilityGlobals) = postSolution
		SolutionGuid = {EAF2AC06-5E72-4CB3-A2E1-CF1300951C67}
	EndGlobalSection
EndGlobal
