
Microsoft Visual Studio Solution File, Format Version 12.00
# Visual Studio Version 17
VisualStudioVersion = 17.8.34330.188
MinimumVisualStudioVersion = 10.0.40219.1
Project("{FAE04EC0-301F-11D3-BF4B-00C04F79EFBC}") = "BUKEP.Student.SharpInstructions", "BUKEP.Student.SharpInstructions\BUKEP.Student.SharpInstructions.csproj", "{B1318758-8E97-4AFE-91B2-D6A05CB8775C}"
EndProject
Global
	GlobalSection(SolutionConfigurationPlatforms) = preSolution
		Debug|Any CPU = Debug|Any CPU
		Release|Any CPU = Release|Any CPU
	EndGlobalSection
	GlobalSection(ProjectConfigurationPlatforms) = postSolution
		{B1318758-8E97-4AFE-91B2-D6A05CB8775C}.Debug|Any CPU.ActiveCfg = Debug|Any CPU
		{B1318758-8E97-4AFE-91B2-D6A05CB8775C}.Debug|Any CPU.Build.0 = Debug|Any CPU
		{B1318758-8E97-4AFE-91B2-D6A05CB8775C}.Release|Any CPU.ActiveCfg = Release|Any CPU
		{B1318758-8E97-4AFE-91B2-D6A05CB8775C}.Release|Any CPU.Build.0 = Release|Any CPU
	EndGlobalSection
	GlobalSection(SolutionProperties) = preSolution
		HideSolutionNode = FALSE
	EndGlobalSection
	GlobalSection(ExtensibilityGlobals) = postSolution
		SolutionGuid = {068B08D4-E063-4F39-8140-76A7F2602197}
	EndGlobalSection
EndGlobal
