
Microsoft Visual Studio Solution File, Format Version 12.00
# Visual Studio Version 17
VisualStudioVersion = 17.8.34330.188
MinimumVisualStudioVersion = 10.0.40219.1
Project("{FAE04EC0-301F-11D3-BF4B-00C04F79EFBC}") = "BUKEP.Student.WindowsCalculator", "BUKEP.Student.WindowsCalculator\BUKEP.Student.WindowsCalculator.csproj", "{4FECF783-B6AC-44C3-9C76-370F10E5113F}"
EndProject
Global
	GlobalSection(SolutionConfigurationPlatforms) = preSolution
		Debug|Any CPU = Debug|Any CPU
		Release|Any CPU = Release|Any CPU
	EndGlobalSection
	GlobalSection(ProjectConfigurationPlatforms) = postSolution
		{4FECF783-B6AC-44C3-9C76-370F10E5113F}.Debug|Any CPU.ActiveCfg = Debug|Any CPU
		{4FECF783-B6AC-44C3-9C76-370F10E5113F}.Debug|Any CPU.Build.0 = Debug|Any CPU
		{4FECF783-B6AC-44C3-9C76-370F10E5113F}.Release|Any CPU.ActiveCfg = Release|Any CPU
		{4FECF783-B6AC-44C3-9C76-370F10E5113F}.Release|Any CPU.Build.0 = Release|Any CPU
	EndGlobalSection
	GlobalSection(SolutionProperties) = preSolution
		HideSolutionNode = FALSE
	EndGlobalSection
	GlobalSection(ExtensibilityGlobals) = postSolution
		SolutionGuid = {482593EB-7A67-4042-916D-34F6CB4ABDFF}
	EndGlobalSection
EndGlobal
