
Microsoft Visual Studio Solution File, Format Version 12.00
# Visual Studio Version 17
VisualStudioVersion = 17.8.34330.188
MinimumVisualStudioVersion = 10.0.40219.1
Project("{FAE04EC0-301F-11D3-BF4B-00C04F79EFBC}") = "BUKEP.Student.ConsoleCalculator", "BUKEP.Student.ConsoleCalculator\BUKEP.Student.ConsoleCalculator.csproj", "{301EA501-4E0B-4F5A-9148-7AA1B3E1DDBD}"
EndProject
Global
	GlobalSection(SolutionConfigurationPlatforms) = preSolution
		Debug|Any CPU = Debug|Any CPU
		Release|Any CPU = Release|Any CPU
	EndGlobalSection
	GlobalSection(ProjectConfigurationPlatforms) = postSolution
		{301EA501-4E0B-4F5A-9148-7AA1B3E1DDBD}.Debug|Any CPU.ActiveCfg = Debug|Any CPU
		{301EA501-4E0B-4F5A-9148-7AA1B3E1DDBD}.Debug|Any CPU.Build.0 = Debug|Any CPU
		{301EA501-4E0B-4F5A-9148-7AA1B3E1DDBD}.Release|Any CPU.ActiveCfg = Release|Any CPU
		{301EA501-4E0B-4F5A-9148-7AA1B3E1DDBD}.Release|Any CPU.Build.0 = Release|Any CPU
	EndGlobalSection
	GlobalSection(SolutionProperties) = preSolution
		HideSolutionNode = FALSE
	EndGlobalSection
	GlobalSection(ExtensibilityGlobals) = postSolution
		SolutionGuid = {C1250AE8-1386-48D5-81E1-1A0FBBAE1F3E}
	EndGlobalSection
EndGlobal
