
Microsoft Visual Studio Solution File, Format Version 12.00
# Visual Studio Version 17
VisualStudioVersion = 17.8.34525.116
MinimumVisualStudioVersion = 10.0.40219.1
Project("{FAE04EC0-301F-11D3-BF4B-00C04F79EFBC}") = "BUKEP.Student.MvcCalculator", "BUKEP.Student.MvcCalculator\BUKEP.Student.MvcCalculator.csproj", "{F5C2150B-02BE-4294-B900-16165D9212BC}"
EndProject
Global
	GlobalSection(SolutionConfigurationPlatforms) = preSolution
		Debug|Any CPU = Debug|Any CPU
		Release|Any CPU = Release|Any CPU
	EndGlobalSection
	GlobalSection(ProjectConfigurationPlatforms) = postSolution
		{F5C2150B-02BE-4294-B900-16165D9212BC}.Debug|Any CPU.ActiveCfg = Debug|Any CPU
		{F5C2150B-02BE-4294-B900-16165D9212BC}.Debug|Any CPU.Build.0 = Debug|Any CPU
		{F5C2150B-02BE-4294-B900-16165D9212BC}.Release|Any CPU.ActiveCfg = Release|Any CPU
		{F5C2150B-02BE-4294-B900-16165D9212BC}.Release|Any CPU.Build.0 = Release|Any CPU
	EndGlobalSection
	GlobalSection(SolutionProperties) = preSolution
		HideSolutionNode = FALSE
	EndGlobalSection
	GlobalSection(ExtensibilityGlobals) = postSolution
		SolutionGuid = {9B4AB2D8-F770-4182-AD7C-20C32B9A69AA}
	EndGlobalSection
EndGlobal
